// !$*UTF8*$!
{
	archiveVersion = 1;
	classes = {
	};
	objectVersion = 56;
	objects = {

/* Begin PBXBuildFile section */
		FCED0488295FC0EB00B8E784 /* LocalizationFramework.docc in Sources */ = {isa = PBXBuildFile; fileRef = FCED0487295FC0EB00B8E784 /* LocalizationFramework.docc */; };
		FCED048E295FC0EB00B8E784 /* LocalizationFramework.framework in Frameworks */ = {isa = PBXBuildFile; fileRef = FCED0483295FC0EB00B8E784 /* LocalizationFramework.framework */; };
		FCED0493295FC0EB00B8E784 /* LocalizationFrameworkTests.swift in Sources */ = {isa = PBXBuildFile; fileRef = FCED0492295FC0EB00B8E784 /* LocalizationFrameworkTests.swift */; };
		FCED0494295FC0EB00B8E784 /* LocalizationFramework.h in Headers */ = {isa = PBXBuildFile; fileRef = FCED0486295FC0EB00B8E784 /* LocalizationFramework.h */; settings = {ATTRIBUTES = (Public, ); }; };
		FCED04A1295FC2FB00B8E784 /* Localizable.strings in Resources */ = {isa = PBXBuildFile; fileRef = FCED04A3295FC2FB00B8E784 /* Localizable.strings */; };
		FCED04A6295FC3A200B8E784 /* Localization.swift in Sources */ = {isa = PBXBuildFile; fileRef = FCED04A5295FC3A200B8E784 /* Localization.swift */; };
/* End PBXBuildFile section */

/* Begin PBXContainerItemProxy section */
		FCED048F295FC0EB00B8E784 /* PBXContainerItemProxy */ = {
			isa = PBXContainerItemProxy;
			containerPortal = FCED047A295FC0EB00B8E784 /* Project object */;
			proxyType = 1;
			remoteGlobalIDString = FCED0482295FC0EB00B8E784;
			remoteInfo = LocalizationFramework;
		};
/* End PBXContainerItemProxy section */

/* Begin PBXFileReference section */
		FCED0483295FC0EB00B8E784 /* LocalizationFramework.framework */ = {isa = PBXFileReference; explicitFileType = wrapper.framework; includeInIndex = 0; path = LocalizationFramework.framework; sourceTree = BUILT_PRODUCTS_DIR; };
		FCED0486295FC0EB00B8E784 /* LocalizationFramework.h */ = {isa = PBXFileReference; lastKnownFileType = sourcecode.c.h; path = LocalizationFramework.h; sourceTree = "<group>"; };
		FCED0487295FC0EB00B8E784 /* LocalizationFramework.docc */ = {isa = PBXFileReference; lastKnownFileType = folder.documentationcatalog; path = LocalizationFramework.docc; sourceTree = "<group>"; };
		FCED048D295FC0EB00B8E784 /* LocalizationFrameworkTests.xctest */ = {isa = PBXFileReference; explicitFileType = wrapper.cfbundle; includeInIndex = 0; path = LocalizationFrameworkTests.xctest; sourceTree = BUILT_PRODUCTS_DIR; };
		FCED0492295FC0EB00B8E784 /* LocalizationFrameworkTests.swift */ = {isa = PBXFileReference; lastKnownFileType = sourcecode.swift; path = LocalizationFrameworkTests.swift; sourceTree = "<group>"; };
		FCED04A2295FC2FB00B8E784 /* en */ = {isa = PBXFileReference; lastKnownFileType = text.plist.strings; name = en; path = en.lproj/Localizable.strings; sourceTree = "<group>"; };
		FCED04A4295FC2FF00B8E784 /* ar */ = {isa = PBXFileReference; lastKnownFileType = text.plist.strings; name = ar; path = ar.lproj/Localizable.strings; sourceTree = "<group>"; };
		FCED04A5295FC3A200B8E784 /* Localization.swift */ = {isa = PBXFileReference; lastKnownFileType = sourcecode.swift; path = Localization.swift; sourceTree = "<group>"; };
/* End PBXFileReference section */

/* Begin PBXFrameworksBuildPhase section */
		FCED0480295FC0EB00B8E784 /* Frameworks */ = {
			isa = PBXFrameworksBuildPhase;
			buildActionMask = 2147483647;
			files = (
			);
			runOnlyForDeploymentPostprocessing = 0;
		};
		FCED048A295FC0EB00B8E784 /* Frameworks */ = {
			isa = PBXFrameworksBuildPhase;
			buildActionMask = 2147483647;
			files = (
				FCED048E295FC0EB00B8E784 /* LocalizationFramework.framework in Frameworks */,
			);
			runOnlyForDeploymentPostprocessing = 0;
		};
/* End PBXFrameworksBuildPhase section */

/* Begin PBXGroup section */
		FCED0479295FC0EB00B8E784 = {
			isa = PBXGroup;
			children = (
				FCED0485295FC0EB00B8E784 /* LocalizationFramework */,
				FCED0491295FC0EB00B8E784 /* LocalizationFrameworkTests */,
				FCED0484295FC0EB00B8E784 /* Products */,
			);
			sourceTree = "<group>";
		};
		FCED0484295FC0EB00B8E784 /* Products */ = {
			isa = PBXGroup;
			children = (
				FCED0483295FC0EB00B8E784 /* LocalizationFramework.framework */,
				FCED048D295FC0EB00B8E784 /* LocalizationFrameworkTests.xctest */,
			);
			name = Products;
			sourceTree = "<group>";
		};
		FCED0485295FC0EB00B8E784 /* LocalizationFramework */ = {
			isa = PBXGroup;
			children = (
				FCED0486295FC0EB00B8E784 /* LocalizationFramework.h */,
				FCED0487295FC0EB00B8E784 /* LocalizationFramework.docc */,
				FCED04A3295FC2FB00B8E784 /* Localizable.strings */,
				FCED04A5295FC3A200B8E784 /* Localization.swift */,
			);
			path = LocalizationFramework;
			sourceTree = "<group>";
		};
		FCED0491295FC0EB00B8E784 /* LocalizationFrameworkTests */ = {
			isa = PBXGroup;
			children = (
				FCED0492295FC0EB00B8E784 /* LocalizationFrameworkTests.swift */,
			);
			path = LocalizationFrameworkTests;
			sourceTree = "<group>";
		};
/* End PBXGroup section */

/* Begin PBXHeadersBuildPhase section */
		FCED047E295FC0EB00B8E784 /* Headers */ = {
			isa = PBXHeadersBuildPhase;
			buildActionMask = 2147483647;
			files = (
				FCED0494295FC0EB00B8E784 /* LocalizationFramework.h in Headers */,
			);
			runOnlyForDeploymentPostprocessing = 0;
		};
/* End PBXHeadersBuildPhase section */

/* Begin PBXNativeTarget section */
		FCED0482295FC0EB00B8E784 /* LocalizationFramework */ = {
			isa = PBXNativeTarget;
			buildConfigurationList = FCED0497295FC0EB00B8E784 /* Build configuration list for PBXNativeTarget "LocalizationFramework" */;
			buildPhases = (
				FCED047E295FC0EB00B8E784 /* Headers */,
				FCED047F295FC0EB00B8E784 /* Sources */,
				FCED0480295FC0EB00B8E784 /* Frameworks */,
				FCED0481295FC0EB00B8E784 /* Resources */,
			);
			buildRules = (
			);
			dependencies = (
			);
			name = LocalizationFramework;
			productName = LocalizationFramework;
			productReference = FCED0483295FC0EB00B8E784 /* LocalizationFramework.framework */;
			productType = "com.apple.product-type.framework";
		};
		FCED048C295FC0EB00B8E784 /* LocalizationFrameworkTests */ = {
			isa = PBXNativeTarget;
			buildConfigurationList = FCED049A295FC0EB00B8E784 /* Build configuration list for PBXNativeTarget "LocalizationFrameworkTests" */;
			buildPhases = (
				FCED0489295FC0EB00B8E784 /* Sources */,
				FCED048A295FC0EB00B8E784 /* Frameworks */,
				FCED048B295FC0EB00B8E784 /* Resources */,
			);
			buildRules = (
			);
			dependencies = (
				FCED0490295FC0EB00B8E784 /* PBXTargetDependency */,
			);
			name = LocalizationFrameworkTests;
			productName = LocalizationFrameworkTests;
			productReference = FCED048D295FC0EB00B8E784 /* LocalizationFrameworkTests.xctest */;
			productType = "com.apple.product-type.bundle.unit-test";
		};
/* End PBXNativeTarget section */

/* Begin PBXProject section */
		FCED047A295FC0EB00B8E784 /* Project object */ = {
			isa = PBXProject;
			attributes = {
				BuildIndependentTargetsInParallel = 1;
				LastSwiftUpdateCheck = 1400;
				LastUpgradeCheck = 1400;
				TargetAttributes = {
					FCED0482295FC0EB00B8E784 = {
						CreatedOnToolsVersion = 14.0.1;
					};
					FCED048C295FC0EB00B8E784 = {
						CreatedOnToolsVersion = 14.0.1;
					};
				};
			};
			buildConfigurationList = FCED047D295FC0EB00B8E784 /* Build configuration list for PBXProject "LocalizationFramework" */;
			compatibilityVersion = "Xcode 14.0";
			developmentRegion = en;
			hasScannedForEncodings = 0;
			knownRegions = (
				en,
				Base,
				ar,
			);
			mainGroup = FCED0479295FC0EB00B8E784;
			productRefGroup = FCED0484295FC0EB00B8E784 /* Products */;
			projectDirPath = "";
			projectRoot = "";
			targets = (
				FCED0482295FC0EB00B8E784 /* LocalizationFramework */,
				FCED048C295FC0EB00B8E784 /* LocalizationFrameworkTests */,
			);
		};
/* End PBXProject section */

/* Begin PBXResourcesBuildPhase section */
		FCED0481295FC0EB00B8E784 /* Resources */ = {
			isa = PBXResourcesBuildPhase;
			buildActionMask = 2147483647;
			files = (
				FCED04A1295FC2FB00B8E784 /* Localizable.strings in Resources */,
			);
			runOnlyForDeploymentPostprocessing = 0;
		};
		FCED048B295FC0EB00B8E784 /* Resources */ = {
			isa = PBXResourcesBuildPhase;
			buildActionMask = 2147483647;
			files = (
			);
			runOnlyForDeploymentPostprocessing = 0;
		};
/* End PBXResourcesBuildPhase section */

/* Begin PBXSourcesBuildPhase section */
		FCED047F295FC0EB00B8E784 /* Sources */ = {
			isa = PBXSourcesBuildPhase;
			buildActionMask = 2147483647;
			files = (
				FCED04A6295FC3A200B8E784 /* Localization.swift in Sources */,
				FCED0488295FC0EB00B8E784 /* LocalizationFramework.docc in Sources */,
			);
			runOnlyForDeploymentPostprocessing = 0;
		};
		FCED0489295FC0EB00B8E784 /* Sources */ = {
			isa = PBXSourcesBuildPhase;
			buildActionMask = 2147483647;
			files = (
				FCED0493295FC0EB00B8E784 /* LocalizationFrameworkTests.swift in Sources */,
			);
			runOnlyForDeploymentPostprocessing = 0;
		};
/* End PBXSourcesBuildPhase section */

/* Begin PBXTargetDependency section */
		FCED0490295FC0EB00B8E784 /* PBXTargetDependency */ = {
			isa = PBXTargetDependency;
			target = FCED0482295FC0EB00B8E784 /* LocalizationFramework */;
			targetProxy = FCED048F295FC0EB00B8E784 /* PBXContainerItemProxy */;
		};
/* End PBXTargetDependency section */

/* Begin PBXVariantGroup section */
		FCED04A3295FC2FB00B8E784 /* Localizable.strings */ = {
			isa = PBXVariantGroup;
			children = (
				FCED04A2295FC2FB00B8E784 /* en */,
				FCED04A4295FC2FF00B8E784 /* ar */,
			);
			name = Localizable.strings;
			sourceTree = "<group>";
		};
/* End PBXVariantGroup section */

/* Begin XCBuildConfiguration section */
		FCED0495295FC0EB00B8E784 /* Debug */ = {
			isa = XCBuildConfiguration;
			buildSettings = {
				ALWAYS_SEARCH_USER_PATHS = NO;
				CLANG_ANALYZER_NONNULL = YES;
				CLANG_ANALYZER_NUMBER_OBJECT_CONVERSION = YES_AGGRESSIVE;
				CLANG_CXX_LANGUAGE_STANDARD = "gnu++20";
				CLANG_ENABLE_MODULES = YES;
				CLANG_ENABLE_OBJC_ARC = YES;
				CLANG_ENABLE_OBJC_WEAK = YES;
				CLANG_WARN_BLOCK_CAPTURE_AUTORELEASING = YES;
				CLANG_WARN_BOOL_CONVERSION = YES;
				CLANG_WARN_COMMA = YES;
				CLANG_WARN_CONSTANT_CONVERSION = YES;
				CLANG_WARN_DEPRECATED_OBJC_IMPLEMENTATIONS = YES;
				CLANG_WARN_DIRECT_OBJC_ISA_USAGE = YES_ERROR;
				CLANG_WARN_DOCUMENTATION_COMMENTS = YES;
				CLANG_WARN_EMPTY_BODY = YES;
				CLANG_WARN_ENUM_CONVERSION = YES;
				CLANG_WARN_INFINITE_RECURSION = YES;
				CLANG_WARN_INT_CONVERSION = YES;
				CLANG_WARN_NON_LITERAL_NULL_CONVERSION = YES;
				CLANG_WARN_OBJC_IMPLICIT_RETAIN_SELF = YES;
				CLANG_WARN_OBJC_LITERAL_CONVERSION = YES;
				CLANG_WARN_OBJC_ROOT_CLASS = YES_ERROR;
				CLANG_WARN_QUOTED_INCLUDE_IN_FRAMEWORK_HEADER = YES;
				CLANG_WARN_RANGE_LOOP_ANALYSIS = YES;
				CLANG_WARN_STRICT_PROTOTYPES = YES;
				CLANG_WARN_SUSPICIOUS_MOVE = YES;
				CLANG_WARN_UNGUARDED_AVAILABILITY = YES_AGGRESSIVE;
				CLANG_WARN_UNREACHABLE_CODE = YES;
				CLANG_WARN__DUPLICATE_METHOD_MATCH = YES;
				COPY_PHASE_STRIP = NO;
				CURRENT_PROJECT_VERSION = 1;
				DEBUG_INFORMATION_FORMAT = dwarf;
				ENABLE_STRICT_OBJC_MSGSEND = YES;
				ENABLE_TESTABILITY = YES;
				GCC_C_LANGUAGE_STANDARD = gnu11;
				GCC_DYNAMIC_NO_PIC = NO;
				GCC_NO_COMMON_BLOCKS = YES;
				GCC_OPTIMIZATION_LEVEL = 0;
				GCC_PREPROCESSOR_DEFINITIONS = (
					"DEBUG=1",
					"$(inherited)",
				);
				GCC_WARN_64_TO_32_BIT_CONVERSION = YES;
				GCC_WARN_ABOUT_RETURN_TYPE = YES_ERROR;
				GCC_WARN_UNDECLARED_SELECTOR = YES;
				GCC_WARN_UNINITIALIZED_AUTOS = YES_AGGRESSIVE;
				GCC_WARN_UNUSED_FUNCTION = YES;
				GCC_WARN_UNUSED_VARIABLE = YES;
				IPHONEOS_DEPLOYMENT_TARGET = 16.0;
				MTL_ENABLE_DEBUG_INFO = INCLUDE_SOURCE;
				MTL_FAST_MATH = YES;
				ONLY_ACTIVE_ARCH = YES;
				SDKROOT = iphoneos;
				SWIFT_ACTIVE_COMPILATION_CONDITIONS = DEBUG;
				SWIFT_OPTIMIZATION_LEVEL = "-Onone";
				VERSIONING_SYSTEM = "apple-generic";
				VERSION_INFO_PREFIX = "";
			};
			name = Debug;
		};
		FCED0496295FC0EB00B8E784 /* Release */ = {
			isa = XCBuildConfiguration;
			buildSettings = {
				ALWAYS_SEARCH_USER_PATHS = NO;
				CLANG_ANALYZER_NONNULL = YES;
				CLANG_ANALYZER_NUMBER_OBJECT_CONVERSION = YES_AGGRESSIVE;
				CLANG_CXX_LANGUAGE_STANDARD = "gnu++20";
				CLANG_ENABLE_MODULES = YES;
				CLANG_ENABLE_OBJC_ARC = YES;
				CLANG_ENABLE_OBJC_WEAK = YES;
				CLANG_WARN_BLOCK_CAPTURE_AUTORELEASING = YES;
				CLANG_WARN_BOOL_CONVERSION = YES;
				CLANG_WARN_COMMA = YES;
				CLANG_WARN_CONSTANT_CONVERSION = YES;
				CLANG_WARN_DEPRECATED_OBJC_IMPLEMENTATIONS = YES;
				CLANG_WARN_DIRECT_OBJC_ISA_USAGE = YES_ERROR;
				CLANG_WARN_DOCUMENTATION_COMMENTS = YES;
				CLANG_WARN_EMPTY_BODY = YES;
				CLANG_WARN_ENUM_CONVERSION = YES;
				CLANG_WARN_INFINITE_RECURSION = YES;
				CLANG_WARN_INT_CONVERSION = YES;
				CLANG_WARN_NON_LITERAL_NULL_CONVERSION = YES;
				CLANG_WARN_OBJC_IMPLICIT_RETAIN_SELF = YES;
				CLANG_WARN_OBJC_LITERAL_CONVERSION = YES;
				CLANG_WARN_OBJC_ROOT_CLASS = YES_ERROR;
				CLANG_WARN_QUOTED_INCLUDE_IN_FRAMEWORK_HEADER = YES;
				CLANG_WARN_RANGE_LOOP_ANALYSIS = YES;
				CLANG_WARN_STRICT_PROTOTYPES = YES;
				CLANG_WARN_SUSPICIOUS_MOVE = YES;
				CLANG_WARN_UNGUARDED_AVAILABILITY = YES_AGGRESSIVE;
				CLANG_WARN_UNREACHABLE_CODE = YES;
				CLANG_WARN__DUPLICATE_METHOD_MATCH = YES;
				COPY_PHASE_STRIP = NO;
				CURRENT_PROJECT_VERSION = 1;
				DEBUG_INFORMATION_FORMAT = "dwarf-with-dsym";
				ENABLE_NS_ASSERTIONS = NO;
				ENABLE_STRICT_OBJC_MSGSEND = YES;
				GCC_C_LANGUAGE_STANDARD = gnu11;
				GCC_NO_COMMON_BLOCKS = YES;
				GCC_WARN_64_TO_32_BIT_CONVERSION = YES;
				GCC_WARN_ABOUT_RETURN_TYPE = YES_ERROR;
				GCC_WARN_UNDECLARED_SELECTOR = YES;
				GCC_WARN_UNINITIALIZED_AUTOS = YES_AGGRESSIVE;
				GCC_WARN_UNUSED_FUNCTION = YES;
				GCC_WARN_UNUSED_VARIABLE = YES;
				IPHONEOS_DEPLOYMENT_TARGET = 16.0;
				MTL_ENABLE_DEBUG_INFO = NO;
				MTL_FAST_MATH = YES;
				SDKROOT = iphoneos;
				SWIFT_COMPILATION_MODE = wholemodule;
				SWIFT_OPTIMIZATION_LEVEL = "-O";
				VALIDATE_PRODUCT = YES;
				VERSIONING_SYSTEM = "apple-generic";
				VERSION_INFO_PREFIX = "";
			};
			name = Release;
		};
		FCED0498295FC0EB00B8E784 /* Debug */ = {
			isa = XCBuildConfiguration;
			buildSettings = {
				CODE_SIGN_STYLE = Automatic;
				CURRENT_PROJECT_VERSION = 1;
				DEFINES_MODULE = YES;
				DEVELOPMENT_TEAM = JMBR2RF2B8;
				DYLIB_COMPATIBILITY_VERSION = 1;
				DYLIB_CURRENT_VERSION = 1;
				DYLIB_INSTALL_NAME_BASE = "@rpath";
				GENERATE_INFOPLIST_FILE = YES;
				INFOPLIST_KEY_NSHumanReadableCopyright = "";
				INSTALL_PATH = "$(LOCAL_LIBRARY_DIR)/Frameworks";
				LD_RUNPATH_SEARCH_PATHS = (
					"$(inherited)",
					"@executable_path/Frameworks",
					"@loader_path/Frameworks",
				);
				MARKETING_VERSION = 1.0;
				PRODUCT_BUNDLE_IDENTIFIER = SampleCore.LocalizationFramework;
				PRODUCT_NAME = "$(TARGET_NAME:c99extidentifier)";
				SKIP_INSTALL = YES;
				SWIFT_EMIT_LOC_STRINGS = YES;
				SWIFT_VERSION = 5.0;
				TARGETED_DEVICE_FAMILY = "1,2";
			};
			name = Debug;
		};
		FCED0499295FC0EB00B8E784 /* Release */ = {
			isa = XCBuildConfiguration;
			buildSettings = {
				CODE_SIGN_STYLE = Automatic;
				CURRENT_PROJECT_VERSION = 1;
				DEFINES_MODULE = YES;
				DEVELOPMENT_TEAM = JMBR2RF2B8;
				DYLIB_COMPATIBILITY_VERSION = 1;
				DYLIB_CURRENT_VERSION = 1;
				DYLIB_INSTALL_NAME_BASE = "@rpath";
				GENERATE_INFOPLIST_FILE = YES;
				INFOPLIST_KEY_NSHumanReadableCopyright = "";
				INSTALL_PATH = "$(LOCAL_LIBRARY_DIR)/Frameworks";
				LD_RUNPATH_SEARCH_PATHS = (
					"$(inherited)",
					"@executable_path/Frameworks",
					"@loader_path/Frameworks",
				);
				MARKETING_VERSION = 1.0;
				PRODUCT_BUNDLE_IDENTIFIER = SampleCore.LocalizationFramework;
				PRODUCT_NAME = "$(TARGET_NAME:c99extidentifier)";
				SKIP_INSTALL = YES;
				SWIFT_EMIT_LOC_STRINGS = YES;
				SWIFT_VERSION = 5.0;
				TARGETED_DEVICE_FAMILY = "1,2";
			};
			name = Release;
		};
		FCED049B295FC0EB00B8E784 /* Debug */ = {
			isa = XCBuildConfiguration;
			buildSettings = {
				ALWAYS_EMBED_SWIFT_STANDARD_LIBRARIES = YES;
				CODE_SIGN_STYLE = Automatic;
				CURRENT_PROJECT_VERSION = 1;
				DEVELOPMENT_TEAM = JMBR2RF2B8;
				GENERATE_INFOPLIST_FILE = YES;
				MARKETING_VERSION = 1.0;
				PRODUCT_BUNDLE_IDENTIFIER = SampleCore.LocalizationFrameworkTests;
				PRODUCT_NAME = "$(TARGET_NAME)";
				SWIFT_EMIT_LOC_STRINGS = NO;
				SWIFT_VERSION = 5.0;
				TARGETED_DEVICE_FAMILY = "1,2";
			};
			name = Debug;
		};
		FCED049C295FC0EB00B8E784 /* Release */ = {
			isa = XCBuildConfiguration;
			buildSettings = {
				ALWAYS_EMBED_SWIFT_STANDARD_LIBRARIES = YES;
				CODE_SIGN_STYLE = Automatic;
				CURRENT_PROJECT_VERSION = 1;
				DEVELOPMENT_TEAM = JMBR2RF2B8;
				GENERATE_INFOPLIST_FILE = YES;
				MARKETING_VERSION = 1.0;
				PRODUCT_BUNDLE_IDENTIFIER = SampleCore.LocalizationFrameworkTests;
				PRODUCT_NAME = "$(TARGET_NAME)";
				SWIFT_EMIT_LOC_STRINGS = NO;
				SWIFT_VERSION = 5.0;
				TARGETED_DEVICE_FAMILY = "1,2";
			};
			name = Release;
		};
/* End XCBuildConfiguration section */

/* Begin XCConfigurationList section */
		FCED047D295FC0EB00B8E784 /* Build configuration list for PBXProject "LocalizationFramework" */ = {
			isa = XCConfigurationList;
			buildConfigurations = (
				FCED0495295FC0EB00B8E784 /* Debug */,
				FCED0496295FC0EB00B8E784 /* Release */,
			);
			defaultConfigurationIsVisible = 0;
			defaultConfigurationName = Release;
		};
		FCED0497295FC0EB00B8E784 /* Build configuration list for PBXNativeTarget "LocalizationFramework" */ = {
			isa = XCConfigurationList;
			buildConfigurations = (
				FCED0498295FC0EB00B8E784 /* Debug */,
				FCED0499295FC0EB00B8E784 /* Release */,
			);
			defaultConfigurationIsVisible = 0;
			defaultConfigurationName = Release;
		};
		FCED049A295FC0EB00B8E784 /* Build configuration list for PBXNativeTarget "LocalizationFrameworkTests" */ = {
			isa = XCConfigurationList;
			buildConfigurations = (
				FCED049B295FC0EB00B8E784 /* Debug */,
				FCED049C295FC0EB00B8E784 /* Release */,
			);
			defaultConfigurationIsVisible = 0;
			defaultConfigurationName = Release;
		};
/* End XCConfigurationList section */
	};
	rootObject = FCED047A295FC0EB00B8E784 /* Project object */;
}
